
Microsoft Visual Studio Solution File, Format Version 12.00
# Visual Studio Version 17
VisualStudioVersion = 17.7.34202.233
MinimumVisualStudioVersion = 10.0.40219.1
Project("{FAE04EC0-301F-11D3-BF4B-00C04F79EFBC}") = "DashBoard_PowerBox_V2", "DashBoard_PowerBox_V2\DashBoard_PowerBox_V2.csproj", "{C708E487-E3A9-4073-A545-294B88674225}"
EndProject
Global
	GlobalSection(SolutionConfigurationPlatforms) = preSolution
		Debug|Any CPU = Debug|Any CPU
		Release|Any CPU = Release|Any CPU
	EndGlobalSection
	GlobalSection(ProjectConfigurationPlatforms) = postSolution
		{C708E487-E3A9-4073-A545-294B88674225}.Debug|Any CPU.ActiveCfg = Debug|Any CPU
		{C708E487-E3A9-4073-A545-294B88674225}.Debug|Any CPU.Build.0 = Debug|Any CPU
		{C708E487-E3A9-4073-A545-294B88674225}.Release|Any CPU.ActiveCfg = Release|Any CPU
		{C708E487-E3A9-4073-A545-294B88674225}.Release|Any CPU.Build.0 = Release|Any CPU
	EndGlobalSection
	GlobalSection(SolutionProperties) = preSolution
		HideSolutionNode = FALSE
	EndGlobalSection
	GlobalSection(ExtensibilityGlobals) = postSolution
		SolutionGuid = {1ADA8565-18C1-455D-B41C-9D22F8BA2646}
	EndGlobalSection
EndGlobal
